<Solution>
  <Configurations>
    <Platform Name="Win32" />
    <Platform Name="x64" />
  </Configurations>
  <Project Path="RenewedVision.Wpf.Interop.DirectX/RenewedVision.Wpf.Interop.DirectX.Net10.vcxproj" Id="97809171-f529-4f9d-94b6-ce1043e22a7f" />
  <Project Path="RenewedVision.Wpf.Interop.DirectX/RenewedVision.Wpf.Interop.DirectX.Net8.vcxproj" Id="bdcdc97f-57c4-440e-a6aa-f873e1b820f6" />
  <Project Path="RenewedVision.Wpf.Interop.DirectX/RenewedVision.Wpf.Interop.DirectX.Net9.vcxproj" Id="973d646b-60bb-4064-8e98-8ca062522f06" />
  <Project Path="RenewedVision.Wpf.Interop.DirectX/RenewedVision.Wpf.Interop.DirectX.vcxproj" Id="157a478d-fe02-4eb2-bd7c-8cf3bf1cb9a2" />
</Solution>
